// !$*UTF8*$!
{
	archiveVersion = 1;
	classes = {
	};
	objectVersion = 46;
	objects = {

/* Begin PBXBuildFile section */
		D8454BB81DB7145600BEE9D1 /* main.m in Sources */ = {isa = PBXBuildFile; fileRef = D8454BB71DB7145600BEE9D1 /* main.m */; };
		D8454BBB1DB7145600BEE9D1 /* AppDelegate.m in Sources */ = {isa = PBXBuildFile; fileRef = D8454BBA1DB7145600BEE9D1 /* AppDelegate.m */; };
		D8454BBE1DB7145600BEE9D1 /* ViewController.m in Sources */ = {isa = PBXBuildFile; fileRef = D8454BBD1DB7145600BEE9D1 /* ViewController.m */; };
		D8454BC11DB7145600BEE9D1 /* Main.storyboard in Resources */ = {isa = PBXBuildFile; fileRef = D8454BBF1DB7145600BEE9D1 /* Main.storyboard */; };
		D8454BC31DB7145700BEE9D1 /* Assets.xcassets in Resources */ = {isa = PBXBuildFile; fileRef = D8454BC21DB7145700BEE9D1 /* Assets.xcassets */; };
		D8454BC61DB7145700BEE9D1 /* LaunchScreen.storyboard in Resources */ = {isa = PBXBuildFile; fileRef = D8454BC41DB7145700BEE9D1 /* LaunchScreen.storyboard */; };
		D8454BD11DB7145700BEE9D1 /* NLCategoryDemoTests.m in Sources */ = {isa = PBXBuildFile; fileRef = D8454BD01DB7145700BEE9D1 /* NLCategoryDemoTests.m */; };
		D8454BDC1DB7145700BEE9D1 /* NLCategoryDemoUITests.m in Sources */ = {isa = PBXBuildFile; fileRef = D8454BDB1DB7145700BEE9D1 /* NLCategoryDemoUITests.m */; };
		D8454C521DB714B100BEE9D1 /* NSArray+nl_Functional.m in Sources */ = {isa = PBXBuildFile; fileRef = D8454BED1DB714B100BEE9D1 /* NSArray+nl_Functional.m */; };
		D8454C531DB714B100BEE9D1 /* NSArray+nl_Kit.m in Sources */ = {isa = PBXBuildFile; fileRef = D8454BEF1DB714B100BEE9D1 /* NSArray+nl_Kit.m */; };
		D8454C541DB714B100BEE9D1 /* NSMutableArray+nl_Kit.m in Sources */ = {isa = PBXBuildFile; fileRef = D8454BF11DB714B100BEE9D1 /* NSMutableArray+nl_Kit.m */; };
		D8454C551DB714B100BEE9D1 /* NSData+nl_Kit.m in Sources */ = {isa = PBXBuildFile; fileRef = D8454BF41DB714B100BEE9D1 /* NSData+nl_Kit.m */; };
		D8454C561DB714B100BEE9D1 /* NSDate+nl_Kit.m in Sources */ = {isa = PBXBuildFile; fileRef = D8454BF71DB714B100BEE9D1 /* NSDate+nl_Kit.m */; };
		D8454C571DB714B100BEE9D1 /* NSDictionary+nl_Kit.m in Sources */ = {isa = PBXBuildFile; fileRef = D8454BFA1DB714B100BEE9D1 /* NSDictionary+nl_Kit.m */; };
		D8454C581DB714B100BEE9D1 /* NSDictionary+nl_Short.m in Sources */ = {isa = PBXBuildFile; fileRef = D8454BFC1DB714B100BEE9D1 /* NSDictionary+nl_Short.m */; };
		D8454C591DB714B100BEE9D1 /* NSMutableDictionary+nl_Short.m in Sources */ = {isa = PBXBuildFile; fileRef = D8454BFE1DB714B100BEE9D1 /* NSMutableDictionary+nl_Short.m */; };
		D8454C5A1DB714B100BEE9D1 /* NSMutableAttributedString+nl_Image.m in Sources */ = {isa = PBXBuildFile; fileRef = D8454C011DB714B100BEE9D1 /* NSMutableAttributedString+nl_Image.m */; };
		D8454C5B1DB714B100BEE9D1 /* NSObject+CodingSupport.m in Sources */ = {isa = PBXBuildFile; fileRef = D8454C041DB714B100BEE9D1 /* NSObject+CodingSupport.m */; };
		D8454C5C1DB714B100BEE9D1 /* NSObject+nl_associatedObject.m in Sources */ = {isa = PBXBuildFile; fileRef = D8454C061DB714B100BEE9D1 /* NSObject+nl_associatedObject.m */; };
		D8454C5D1DB714B100BEE9D1 /* NSObject+nl_Kit.m in Sources */ = {isa = PBXBuildFile; fileRef = D8454C081DB714B100BEE9D1 /* NSObject+nl_Kit.m */; };
		D8454C5E1DB714B100BEE9D1 /* NSObject+Reflex.m in Sources */ = {isa = PBXBuildFile; fileRef = D8454C0A1DB714B100BEE9D1 /* NSObject+Reflex.m */; };
		D8454C5F1DB714B100BEE9D1 /* NSString+nl_Kit.m in Sources */ = {isa = PBXBuildFile; fileRef = D8454C0D1DB714B100BEE9D1 /* NSString+nl_Kit.m */; };
		D8454C601DB714B100BEE9D1 /* NSURLRequest+nl_Kit.m in Sources */ = {isa = PBXBuildFile; fileRef = D8454C101DB714B100BEE9D1 /* NSURLRequest+nl_Kit.m */; };
		D8454C611DB714B100BEE9D1 /* NSURLRequest+nl_TypeCheck.m in Sources */ = {isa = PBXBuildFile; fileRef = D8454C121DB714B100BEE9D1 /* NSURLRequest+nl_TypeCheck.m */; };
		D8454C621DB714B100BEE9D1 /* NLKit.m in Sources */ = {isa = PBXBuildFile; fileRef = D8454C141DB714B100BEE9D1 /* NLKit.m */; };
		D8454C631DB714B100BEE9D1 /* NIInputSource.bundle in Resources */ = {isa = PBXBuildFile; fileRef = D8454C191DB714B100BEE9D1 /* NIInputSource.bundle */; };
		D8454C641DB714B100BEE9D1 /* NLFoundationMethods.m in Sources */ = {isa = PBXBuildFile; fileRef = D8454C1B1DB714B100BEE9D1 /* NLFoundationMethods.m */; };
		D8454C651DB714B100BEE9D1 /* NLInputAccessoryView.m in Sources */ = {isa = PBXBuildFile; fileRef = D8454C1D1DB714B100BEE9D1 /* NLInputAccessoryView.m */; };
		D8454C661DB714B100BEE9D1 /* UIButton+Color.m in Sources */ = {isa = PBXBuildFile; fileRef = D8454C201DB714B100BEE9D1 /* UIButton+Color.m */; };
		D8454C671DB714B100BEE9D1 /* UIButton+nl_Block.m in Sources */ = {isa = PBXBuildFile; fileRef = D8454C221DB714B100BEE9D1 /* UIButton+nl_Block.m */; };
		D8454C681DB714B100BEE9D1 /* UIButton+nl_kit.m in Sources */ = {isa = PBXBuildFile; fileRef = D8454C241DB714B100BEE9D1 /* UIButton+nl_kit.m */; };
		D8454C691DB714B100BEE9D1 /* UIColor+nl_Hex.m in Sources */ = {isa = PBXBuildFile; fileRef = D8454C271DB714B100BEE9D1 /* UIColor+nl_Hex.m */; };
		D8454C6A1DB714B100BEE9D1 /* UIColor+nl_Kit.m in Sources */ = {isa = PBXBuildFile; fileRef = D8454C291DB714B100BEE9D1 /* UIColor+nl_Kit.m */; };
		D8454C6B1DB714B100BEE9D1 /* UIImage+Color.m in Sources */ = {isa = PBXBuildFile; fileRef = D8454C2C1DB714B100BEE9D1 /* UIImage+Color.m */; };
		D8454C6C1DB714B100BEE9D1 /* UIImage+nl_assetLaunchImage.m in Sources */ = {isa = PBXBuildFile; fileRef = D8454C2E1DB714B100BEE9D1 /* UIImage+nl_assetLaunchImage.m */; };
		D8454C6D1DB714B100BEE9D1 /* UIImage+nl_Kit.m in Sources */ = {isa = PBXBuildFile; fileRef = D8454C301DB714B100BEE9D1 /* UIImage+nl_Kit.m */; };
		D8454C6E1DB714B100BEE9D1 /* UILabel+nl_Copy.m in Sources */ = {isa = PBXBuildFile; fileRef = D8454C331DB714B100BEE9D1 /* UILabel+nl_Copy.m */; };
		D8454C6F1DB714B100BEE9D1 /* UILabel+nl_Kit.m in Sources */ = {isa = PBXBuildFile; fileRef = D8454C351DB714B100BEE9D1 /* UILabel+nl_Kit.m */; };
		D8454C701DB714B100BEE9D1 /* UINavigationBar+nl_Kit.m in Sources */ = {isa = PBXBuildFile; fileRef = D8454C381DB714B100BEE9D1 /* UINavigationBar+nl_Kit.m */; };
		D8454C711DB714B100BEE9D1 /* UIScrollView+nl_Kit.m in Sources */ = {isa = PBXBuildFile; fileRef = D8454C3B1DB714B100BEE9D1 /* UIScrollView+nl_Kit.m */; };
		D8454C721DB714B100BEE9D1 /* UITableView+HoomicTool.m in Sources */ = {isa = PBXBuildFile; fileRef = D8454C3E1DB714B100BEE9D1 /* UITableView+HoomicTool.m */; };
		D8454C731DB714B100BEE9D1 /* UITextField+nl_Kit.m in Sources */ = {isa = PBXBuildFile; fileRef = D8454C411DB714B100BEE9D1 /* UITextField+nl_Kit.m */; };
		D8454C741DB714B100BEE9D1 /* UITextField+NLLimit.m in Sources */ = {isa = PBXBuildFile; fileRef = D8454C431DB714B100BEE9D1 /* UITextField+NLLimit.m */; };
		D8454C751DB714B100BEE9D1 /* UITextView+nl_Kit.m in Sources */ = {isa = PBXBuildFile; fileRef = D8454C461DB714B100BEE9D1 /* UITextView+nl_Kit.m */; };
		D8454C761DB714B100BEE9D1 /* UITextView+nl_Placeholder.m in Sources */ = {isa = PBXBuildFile; fileRef = D8454C481DB714B100BEE9D1 /* UITextView+nl_Placeholder.m */; };
		D8454C771DB714B100BEE9D1 /* UITextView+NLLimit.m in Sources */ = {isa = PBXBuildFile; fileRef = D8454C4A1DB714B100BEE9D1 /* UITextView+NLLimit.m */; };
		D8454C781DB714B100BEE9D1 /* UIView+Action.m in Sources */ = {isa = PBXBuildFile; fileRef = D8454C4D1DB714B100BEE9D1 /* UIView+Action.m */; };
		D8454C791DB714B100BEE9D1 /* UIView+nl_BlockGesture.m in Sources */ = {isa = PBXBuildFile; fileRef = D8454C4F1DB714B100BEE9D1 /* UIView+nl_BlockGesture.m */; };
		D8454C7A1DB714B100BEE9D1 /* UIView+nl_Kit.m in Sources */ = {isa = PBXBuildFile; fileRef = D8454C511DB714B100BEE9D1 /* UIView+nl_Kit.m */; };
/* End PBXBuildFile section */

/* Begin PBXContainerItemProxy section */
		D8454BCD1DB7145700BEE9D1 /* PBXContainerItemProxy */ = {
			isa = PBXContainerItemProxy;
			containerPortal = D8454BAB1DB7145600BEE9D1 /* Project object */;
			proxyType = 1;
			remoteGlobalIDString = D8454BB21DB7145600BEE9D1;
			remoteInfo = NLCategoryDemo;
		};
		D8454BD81DB7145700BEE9D1 /* PBXContainerItemProxy */ = {
			isa = PBXContainerItemProxy;
			containerPortal = D8454BAB1DB7145600BEE9D1 /* Project object */;
			proxyType = 1;
			remoteGlobalIDString = D8454BB21DB7145600BEE9D1;
			remoteInfo = NLCategoryDemo;
		};
/* End PBXContainerItemProxy section */

/* Begin PBXFileReference section */
		D8454BB31DB7145600BEE9D1 /* NLCategoryDemo.app */ = {isa = PBXFileReference; explicitFileType = wrapper.application; includeInIndex = 0; path = NLCategoryDemo.app; sourceTree = BUILT_PRODUCTS_DIR; };
		D8454BB71DB7145600BEE9D1 /* main.m */ = {isa = PBXFileReference; lastKnownFileType = sourcecode.c.objc; path = main.m; sourceTree = "<group>"; };
		D8454BB91DB7145600BEE9D1 /* AppDelegate.h */ = {isa = PBXFileReference; lastKnownFileType = sourcecode.c.h; path = AppDelegate.h; sourceTree = "<group>"; };
		D8454BBA1DB7145600BEE9D1 /* AppDelegate.m */ = {isa = PBXFileReference; lastKnownFileType = sourcecode.c.objc; path = AppDelegate.m; sourceTree = "<group>"; };
		D8454BBC1DB7145600BEE9D1 /* ViewController.h */ = {isa = PBXFileReference; lastKnownFileType = sourcecode.c.h; path = ViewController.h; sourceTree = "<group>"; };
		D8454BBD1DB7145600BEE9D1 /* ViewController.m */ = {isa = PBXFileReference; lastKnownFileType = sourcecode.c.objc; path = ViewController.m; sourceTree = "<group>"; };
		D8454BC01DB7145600BEE9D1 /* Base */ = {isa = PBXFileReference; lastKnownFileType = file.storyboard; name = Base; path = Base.lproj/Main.storyboard; sourceTree = "<group>"; };
		D8454BC21DB7145700BEE9D1 /* Assets.xcassets */ = {isa = PBXFileReference; lastKnownFileType = folder.assetcatalog; path = Assets.xcassets; sourceTree = "<group>"; };
		D8454BC51DB7145700BEE9D1 /* Base */ = {isa = PBXFileReference; lastKnownFileType = file.storyboard; name = Base; path = Base.lproj/LaunchScreen.storyboard; sourceTree = "<group>"; };
		D8454BC71DB7145700BEE9D1 /* Info.plist */ = {isa = PBXFileReference; lastKnownFileType = text.plist.xml; path = Info.plist; sourceTree = "<group>"; };
		D8454BCC1DB7145700BEE9D1 /* NLCategoryDemoTests.xctest */ = {isa = PBXFileReference; explicitFileType = wrapper.cfbundle; includeInIndex = 0; path = NLCategoryDemoTests.xctest; sourceTree = BUILT_PRODUCTS_DIR; };
		D8454BD01DB7145700BEE9D1 /* NLCategoryDemoTests.m */ = {isa = PBXFileReference; lastKnownFileType = sourcecode.c.objc; path = NLCategoryDemoTests.m; sourceTree = "<group>"; };
		D8454BD21DB7145700BEE9D1 /* Info.plist */ = {isa = PBXFileReference; lastKnownFileType = text.plist.xml; path = Info.plist; sourceTree = "<group>"; };
		D8454BD71DB7145700BEE9D1 /* NLCategoryDemoUITests.xctest */ = {isa = PBXFileReference; explicitFileType = wrapper.cfbundle; includeInIndex = 0; path = NLCategoryDemoUITests.xctest; sourceTree = BUILT_PRODUCTS_DIR; };
		D8454BDB1DB7145700BEE9D1 /* NLCategoryDemoUITests.m */ = {isa = PBXFileReference; lastKnownFileType = sourcecode.c.objc; path = NLCategoryDemoUITests.m; sourceTree = "<group>"; };
		D8454BDD1DB7145700BEE9D1 /* Info.plist */ = {isa = PBXFileReference; lastKnownFileType = text.plist.xml; path = Info.plist; sourceTree = "<group>"; };
		D8454BEC1DB714B100BEE9D1 /* NSArray+nl_Functional.h */ = {isa = PBXFileReference; fileEncoding = 4; lastKnownFileType = sourcecode.c.h; path = "NSArray+nl_Functional.h"; sourceTree = "<group>"; };
		D8454BED1DB714B100BEE9D1 /* NSArray+nl_Functional.m */ = {isa = PBXFileReference; fileEncoding = 4; lastKnownFileType = sourcecode.c.objc; path = "NSArray+nl_Functional.m"; sourceTree = "<group>"; };
		D8454BEE1DB714B100BEE9D1 /* NSArray+nl_Kit.h */ = {isa = PBXFileReference; fileEncoding = 4; lastKnownFileType = sourcecode.c.h; path = "NSArray+nl_Kit.h"; sourceTree = "<group>"; };
		D8454BEF1DB714B100BEE9D1 /* NSArray+nl_Kit.m */ = {isa = PBXFileReference; fileEncoding = 4; lastKnownFileType = sourcecode.c.objc; path = "NSArray+nl_Kit.m"; sourceTree = "<group>"; };
		D8454BF01DB714B100BEE9D1 /* NSMutableArray+nl_Kit.h */ = {isa = PBXFileReference; fileEncoding = 4; lastKnownFileType = sourcecode.c.h; path = "NSMutableArray+nl_Kit.h"; sourceTree = "<group>"; };
		D8454BF11DB714B100BEE9D1 /* NSMutableArray+nl_Kit.m */ = {isa = PBXFileReference; fileEncoding = 4; lastKnownFileType = sourcecode.c.objc; path = "NSMutableArray+nl_Kit.m"; sourceTree = "<group>"; };
		D8454BF31DB714B100BEE9D1 /* NSData+nl_Kit.h */ = {isa = PBXFileReference; fileEncoding = 4; lastKnownFileType = sourcecode.c.h; path = "NSData+nl_Kit.h"; sourceTree = "<group>"; };
		D8454BF41DB714B100BEE9D1 /* NSData+nl_Kit.m */ = {isa = PBXFileReference; fileEncoding = 4; lastKnownFileType = sourcecode.c.objc; path = "NSData+nl_Kit.m"; sourceTree = "<group>"; };
		D8454BF61DB714B100BEE9D1 /* NSDate+nl_Kit.h */ = {isa = PBXFileReference; fileEncoding = 4; lastKnownFileType = sourcecode.c.h; path = "NSDate+nl_Kit.h"; sourceTree = "<group>"; };
		D8454BF71DB714B100BEE9D1 /* NSDate+nl_Kit.m */ = {isa = PBXFileReference; fileEncoding = 4; lastKnownFileType = sourcecode.c.objc; path = "NSDate+nl_Kit.m"; sourceTree = "<group>"; };
		D8454BF91DB714B100BEE9D1 /* NSDictionary+nl_Kit.h */ = {isa = PBXFileReference; fileEncoding = 4; lastKnownFileType = sourcecode.c.h; path = "NSDictionary+nl_Kit.h"; sourceTree = "<group>"; };
		D8454BFA1DB714B100BEE9D1 /* NSDictionary+nl_Kit.m */ = {isa = PBXFileReference; fileEncoding = 4; lastKnownFileType = sourcecode.c.objc; path = "NSDictionary+nl_Kit.m"; sourceTree = "<group>"; };
		D8454BFB1DB714B100BEE9D1 /* NSDictionary+nl_Short.h */ = {isa = PBXFileReference; fileEncoding = 4; lastKnownFileType = sourcecode.c.h; path = "NSDictionary+nl_Short.h"; sourceTree = "<group>"; };
		D8454BFC1DB714B100BEE9D1 /* NSDictionary+nl_Short.m */ = {isa = PBXFileReference; fileEncoding = 4; lastKnownFileType = sourcecode.c.objc; path = "NSDictionary+nl_Short.m"; sourceTree = "<group>"; };
		D8454BFD1DB714B100BEE9D1 /* NSMutableDictionary+nl_Short.h */ = {isa = PBXFileReference; fileEncoding = 4; lastKnownFileType = sourcecode.c.h; path = "NSMutableDictionary+nl_Short.h"; sourceTree = "<group>"; };
		D8454BFE1DB714B100BEE9D1 /* NSMutableDictionary+nl_Short.m */ = {isa = PBXFileReference; fileEncoding = 4; lastKnownFileType = sourcecode.c.objc; path = "NSMutableDictionary+nl_Short.m"; sourceTree = "<group>"; };
		D8454C001DB714B100BEE9D1 /* NSMutableAttributedString+nl_Image.h */ = {isa = PBXFileReference; fileEncoding = 4; lastKnownFileType = sourcecode.c.h; path = "NSMutableAttributedString+nl_Image.h"; sourceTree = "<group>"; };
		D8454C011DB714B100BEE9D1 /* NSMutableAttributedString+nl_Image.m */ = {isa = PBXFileReference; fileEncoding = 4; lastKnownFileType = sourcecode.c.objc; path = "NSMutableAttributedString+nl_Image.m"; sourceTree = "<group>"; };
		D8454C031DB714B100BEE9D1 /* NSObject+CodingSupport.h */ = {isa = PBXFileReference; fileEncoding = 4; lastKnownFileType = sourcecode.c.h; path = "NSObject+CodingSupport.h"; sourceTree = "<group>"; };
		D8454C041DB714B100BEE9D1 /* NSObject+CodingSupport.m */ = {isa = PBXFileReference; fileEncoding = 4; lastKnownFileType = sourcecode.c.objc; path = "NSObject+CodingSupport.m"; sourceTree = "<group>"; };
		D8454C051DB714B100BEE9D1 /* NSObject+nl_associatedObject.h */ = {isa = PBXFileReference; fileEncoding = 4; lastKnownFileType = sourcecode.c.h; path = "NSObject+nl_associatedObject.h"; sourceTree = "<group>"; };
		D8454C061DB714B100BEE9D1 /* NSObject+nl_associatedObject.m */ = {isa = PBXFileReference; fileEncoding = 4; lastKnownFileType = sourcecode.c.objc; path = "NSObject+nl_associatedObject.m"; sourceTree = "<group>"; };
		D8454C071DB714B100BEE9D1 /* NSObject+nl_Kit.h */ = {isa = PBXFileReference; fileEncoding = 4; lastKnownFileType = sourcecode.c.h; path = "NSObject+nl_Kit.h"; sourceTree = "<group>"; };
		D8454C081DB714B100BEE9D1 /* NSObject+nl_Kit.m */ = {isa = PBXFileReference; fileEncoding = 4; lastKnownFileType = sourcecode.c.objc; path = "NSObject+nl_Kit.m"; sourceTree = "<group>"; };
		D8454C091DB714B100BEE9D1 /* NSObject+Reflex.h */ = {isa = PBXFileReference; fileEncoding = 4; lastKnownFileType = sourcecode.c.h; path = "NSObject+Reflex.h"; sourceTree = "<group>"; };
		D8454C0A1DB714B100BEE9D1 /* NSObject+Reflex.m */ = {isa = PBXFileReference; fileEncoding = 4; lastKnownFileType = sourcecode.c.objc; path = "NSObject+Reflex.m"; sourceTree = "<group>"; };
		D8454C0C1DB714B100BEE9D1 /* NSString+nl_Kit.h */ = {isa = PBXFileReference; fileEncoding = 4; lastKnownFileType = sourcecode.c.h; path = "NSString+nl_Kit.h"; sourceTree = "<group>"; };
		D8454C0D1DB714B100BEE9D1 /* NSString+nl_Kit.m */ = {isa = PBXFileReference; fileEncoding = 4; lastKnownFileType = sourcecode.c.objc; path = "NSString+nl_Kit.m"; sourceTree = "<group>"; };
		D8454C0F1DB714B100BEE9D1 /* NSURLRequest+nl_Kit.h */ = {isa = PBXFileReference; fileEncoding = 4; lastKnownFileType = sourcecode.c.h; path = "NSURLRequest+nl_Kit.h"; sourceTree = "<group>"; };
		D8454C101DB714B100BEE9D1 /* NSURLRequest+nl_Kit.m */ = {isa = PBXFileReference; fileEncoding = 4; lastKnownFileType = sourcecode.c.objc; path = "NSURLRequest+nl_Kit.m"; sourceTree = "<group>"; };
		D8454C111DB714B100BEE9D1 /* NSURLRequest+nl_TypeCheck.h */ = {isa = PBXFileReference; fileEncoding = 4; lastKnownFileType = sourcecode.c.h; path = "NSURLRequest+nl_TypeCheck.h"; sourceTree = "<group>"; };
		D8454C121DB714B100BEE9D1 /* NSURLRequest+nl_TypeCheck.m */ = {isa = PBXFileReference; fileEncoding = 4; lastKnownFileType = sourcecode.c.objc; path = "NSURLRequest+nl_TypeCheck.m"; sourceTree = "<group>"; };
		D8454C131DB714B100BEE9D1 /* NLKit.h */ = {isa = PBXFileReference; fileEncoding = 4; lastKnownFileType = sourcecode.c.h; path = NLKit.h; sourceTree = "<group>"; };
		D8454C141DB714B100BEE9D1 /* NLKit.m */ = {isa = PBXFileReference; fileEncoding = 4; lastKnownFileType = sourcecode.c.objc; path = NLKit.m; sourceTree = "<group>"; };
		D8454C181DB714B100BEE9D1 /* CGRect+Additions.h */ = {isa = PBXFileReference; fileEncoding = 4; lastKnownFileType = sourcecode.c.h; path = "CGRect+Additions.h"; sourceTree = "<group>"; };
		D8454C191DB714B100BEE9D1 /* NIInputSource.bundle */ = {isa = PBXFileReference; lastKnownFileType = "wrapper.plug-in"; path = NIInputSource.bundle; sourceTree = "<group>"; };
		D8454C1A1DB714B100BEE9D1 /* NLFoundationMethods.h */ = {isa = PBXFileReference; fileEncoding = 4; lastKnownFileType = sourcecode.c.h; path = NLFoundationMethods.h; sourceTree = "<group>"; };
		D8454C1B1DB714B100BEE9D1 /* NLFoundationMethods.m */ = {isa = PBXFileReference; fileEncoding = 4; lastKnownFileType = sourcecode.c.objc; path = NLFoundationMethods.m; sourceTree = "<group>"; };
		D8454C1C1DB714B100BEE9D1 /* NLInputAccessoryView.h */ = {isa = PBXFileReference; fileEncoding = 4; lastKnownFileType = sourcecode.c.h; path = NLInputAccessoryView.h; sourceTree = "<group>"; };
		D8454C1D1DB714B100BEE9D1 /* NLInputAccessoryView.m */ = {isa = PBXFileReference; fileEncoding = 4; lastKnownFileType = sourcecode.c.objc; path = NLInputAccessoryView.m; sourceTree = "<group>"; };
		D8454C1F1DB714B100BEE9D1 /* UIButton+Color.h */ = {isa = PBXFileReference; fileEncoding = 4; lastKnownFileType = sourcecode.c.h; path = "UIButton+Color.h"; sourceTree = "<group>"; };
		D8454C201DB714B100BEE9D1 /* UIButton+Color.m */ = {isa = PBXFileReference; fileEncoding = 4; lastKnownFileType = sourcecode.c.objc; path = "UIButton+Color.m"; sourceTree = "<group>"; };
		D8454C211DB714B100BEE9D1 /* UIButton+nl_Block.h */ = {isa = PBXFileReference; fileEncoding = 4; lastKnownFileType = sourcecode.c.h; path = "UIButton+nl_Block.h"; sourceTree = "<group>"; };
		D8454C221DB714B100BEE9D1 /* UIButton+nl_Block.m */ = {isa = PBXFileReference; fileEncoding = 4; lastKnownFileType = sourcecode.c.objc; path = "UIButton+nl_Block.m"; sourceTree = "<group>"; };
		D8454C231DB714B100BEE9D1 /* UIButton+nl_kit.h */ = {isa = PBXFileReference; fileEncoding = 4; lastKnownFileType = sourcecode.c.h; path = "UIButton+nl_kit.h"; sourceTree = "<group>"; };
		D8454C241DB714B100BEE9D1 /* UIButton+nl_kit.m */ = {isa = PBXFileReference; fileEncoding = 4; lastKnownFileType = sourcecode.c.objc; path = "UIButton+nl_kit.m"; sourceTree = "<group>"; };
		D8454C261DB714B100BEE9D1 /* UIColor+nl_Hex.h */ = {isa = PBXFileReference; fileEncoding = 4; lastKnownFileType = sourcecode.c.h; path = "UIColor+nl_Hex.h"; sourceTree = "<group>"; };
		D8454C271DB714B100BEE9D1 /* UIColor+nl_Hex.m */ = {isa = PBXFileReference; fileEncoding = 4; lastKnownFileType = sourcecode.c.objc; path = "UIColor+nl_Hex.m"; sourceTree = "<group>"; };
		D8454C281DB714B100BEE9D1 /* UIColor+nl_Kit.h */ = {isa = PBXFileReference; fileEncoding = 4; lastKnownFileType = sourcecode.c.h; path = "UIColor+nl_Kit.h"; sourceTree = "<group>"; };
		D8454C291DB714B100BEE9D1 /* UIColor+nl_Kit.m */ = {isa = PBXFileReference; fileEncoding = 4; lastKnownFileType = sourcecode.c.objc; path = "UIColor+nl_Kit.m"; sourceTree = "<group>"; };
		D8454C2B1DB714B100BEE9D1 /* UIImage+Color.h */ = {isa = PBXFileReference; fileEncoding = 4; lastKnownFileType = sourcecode.c.h; path = "UIImage+Color.h"; sourceTree = "<group>"; };
		D8454C2C1DB714B100BEE9D1 /* UIImage+Color.m */ = {isa = PBXFileReference; fileEncoding = 4; lastKnownFileType = sourcecode.c.objc; path = "UIImage+Color.m"; sourceTree = "<group>"; };
		D8454C2D1DB714B100BEE9D1 /* UIImage+nl_assetLaunchImage.h */ = {isa = PBXFileReference; fileEncoding = 4; lastKnownFileType = sourcecode.c.h; path = "UIImage+nl_assetLaunchImage.h"; sourceTree = "<group>"; };
		D8454C2E1DB714B100BEE9D1 /* UIImage+nl_assetLaunchImage.m */ = {isa = PBXFileReference; fileEncoding = 4; lastKnownFileType = sourcecode.c.objc; path = "UIImage+nl_assetLaunchImage.m"; sourceTree = "<group>"; };
		D8454C2F1DB714B100BEE9D1 /* UIImage+nl_Kit.h */ = {isa = PBXFileReference; fileEncoding = 4; lastKnownFileType = sourcecode.c.h; path = "UIImage+nl_Kit.h"; sourceTree = "<group>"; };
		D8454C301DB714B100BEE9D1 /* UIImage+nl_Kit.m */ = {isa = PBXFileReference; fileEncoding = 4; lastKnownFileType = sourcecode.c.objc; path = "UIImage+nl_Kit.m"; sourceTree = "<group>"; };
		D8454C321DB714B100BEE9D1 /* UILabel+nl_Copy.h */ = {isa = PBXFileReference; fileEncoding = 4; lastKnownFileType = sourcecode.c.h; path = "UILabel+nl_Copy.h"; sourceTree = "<group>"; };
		D8454C331DB714B100BEE9D1 /* UILabel+nl_Copy.m */ = {isa = PBXFileReference; fileEncoding = 4; lastKnownFileType = sourcecode.c.objc; path = "UILabel+nl_Copy.m"; sourceTree = "<group>"; };
		D8454C341DB714B100BEE9D1 /* UILabel+nl_Kit.h */ = {isa = PBXFileReference; fileEncoding = 4; lastKnownFileType = sourcecode.c.h; path = "UILabel+nl_Kit.h"; sourceTree = "<group>"; };
		D8454C351DB714B100BEE9D1 /* UILabel+nl_Kit.m */ = {isa = PBXFileReference; fileEncoding = 4; lastKnownFileType = sourcecode.c.objc; path = "UILabel+nl_Kit.m"; sourceTree = "<group>"; };
		D8454C371DB714B100BEE9D1 /* UINavigationBar+nl_Kit.h */ = {isa = PBXFileReference; fileEncoding = 4; lastKnownFileType = sourcecode.c.h; path = "UINavigationBar+nl_Kit.h"; sourceTree = "<group>"; };
		D8454C381DB714B100BEE9D1 /* UINavigationBar+nl_Kit.m */ = {isa = PBXFileReference; fileEncoding = 4; lastKnownFileType = sourcecode.c.objc; path = "UINavigationBar+nl_Kit.m"; sourceTree = "<group>"; };
		D8454C3A1DB714B100BEE9D1 /* UIScrollView+nl_Kit.h */ = {isa = PBXFileReference; fileEncoding = 4; lastKnownFileType = sourcecode.c.h; path = "UIScrollView+nl_Kit.h"; sourceTree = "<group>"; };
		D8454C3B1DB714B100BEE9D1 /* UIScrollView+nl_Kit.m */ = {isa = PBXFileReference; fileEncoding = 4; lastKnownFileType = sourcecode.c.objc; path = "UIScrollView+nl_Kit.m"; sourceTree = "<group>"; };
		D8454C3D1DB714B100BEE9D1 /* UITableView+HoomicTool.h */ = {isa = PBXFileReference; fileEncoding = 4; lastKnownFileType = sourcecode.c.h; path = "UITableView+HoomicTool.h"; sourceTree = "<group>"; };
		D8454C3E1DB714B100BEE9D1 /* UITableView+HoomicTool.m */ = {isa = PBXFileReference; fileEncoding = 4; lastKnownFileType = sourcecode.c.objc; path = "UITableView+HoomicTool.m"; sourceTree = "<group>"; };
		D8454C401DB714B100BEE9D1 /* UITextField+nl_Kit.h */ = {isa = PBXFileReference; fileEncoding = 4; lastKnownFileType = sourcecode.c.h; path = "UITextField+nl_Kit.h"; sourceTree = "<group>"; };
		D8454C411DB714B100BEE9D1 /* UITextField+nl_Kit.m */ = {isa = PBXFileReference; fileEncoding = 4; lastKnownFileType = sourcecode.c.objc; path = "UITextField+nl_Kit.m"; sourceTree = "<group>"; };
		D8454C421DB714B100BEE9D1 /* UITextField+NLLimit.h */ = {isa = PBXFileReference; fileEncoding = 4; lastKnownFileType = sourcecode.c.h; path = "UITextField+NLLimit.h"; sourceTree = "<group>"; };
		D8454C431DB714B100BEE9D1 /* UITextField+NLLimit.m */ = {isa = PBXFileReference; fileEncoding = 4; lastKnownFileType = sourcecode.c.objc; path = "UITextField+NLLimit.m"; sourceTree = "<group>"; };
		D8454C451DB714B100BEE9D1 /* UITextView+nl_Kit.h */ = {isa = PBXFileReference; fileEncoding = 4; lastKnownFileType = sourcecode.c.h; path = "UITextView+nl_Kit.h"; sourceTree = "<group>"; };
		D8454C461DB714B100BEE9D1 /* UITextView+nl_Kit.m */ = {isa = PBXFileReference; fileEncoding = 4; lastKnownFileType = sourcecode.c.objc; path = "UITextView+nl_Kit.m"; sourceTree = "<group>"; };
		D8454C471DB714B100BEE9D1 /* UITextView+nl_Placeholder.h */ = {isa = PBXFileReference; fileEncoding = 4; lastKnownFileType = sourcecode.c.h; path = "UITextView+nl_Placeholder.h"; sourceTree = "<group>"; };
		D8454C481DB714B100BEE9D1 /* UITextView+nl_Placeholder.m */ = {isa = PBXFileReference; fileEncoding = 4; lastKnownFileType = sourcecode.c.objc; path = "UITextView+nl_Placeholder.m"; sourceTree = "<group>"; };
		D8454C491DB714B100BEE9D1 /* UITextView+NLLimit.h */ = {isa = PBXFileReference; fileEncoding = 4; lastKnownFileType = sourcecode.c.h; path = "UITextView+NLLimit.h"; sourceTree = "<group>"; };
		D8454C4A1DB714B100BEE9D1 /* UITextView+NLLimit.m */ = {isa = PBXFileReference; fileEncoding = 4; lastKnownFileType = sourcecode.c.objc; path = "UITextView+NLLimit.m"; sourceTree = "<group>"; };
		D8454C4C1DB714B100BEE9D1 /* UIView+Action.h */ = {isa = PBXFileReference; fileEncoding = 4; lastKnownFileType = sourcecode.c.h; path = "UIView+Action.h"; sourceTree = "<group>"; };
		D8454C4D1DB714B100BEE9D1 /* UIView+Action.m */ = {isa = PBXFileReference; fileEncoding = 4; lastKnownFileType = sourcecode.c.objc; path = "UIView+Action.m"; sourceTree = "<group>"; };
		D8454C4E1DB714B100BEE9D1 /* UIView+nl_BlockGesture.h */ = {isa = PBXFileReference; fileEncoding = 4; lastKnownFileType = sourcecode.c.h; path = "UIView+nl_BlockGesture.h"; sourceTree = "<group>"; };
		D8454C4F1DB714B100BEE9D1 /* UIView+nl_BlockGesture.m */ = {isa = PBXFileReference; fileEncoding = 4; lastKnownFileType = sourcecode.c.objc; path = "UIView+nl_BlockGesture.m"; sourceTree = "<group>"; };
		D8454C501DB714B100BEE9D1 /* UIView+nl_Kit.h */ = {isa = PBXFileReference; fileEncoding = 4; lastKnownFileType = sourcecode.c.h; path = "UIView+nl_Kit.h"; sourceTree = "<group>"; };
		D8454C511DB714B100BEE9D1 /* UIView+nl_Kit.m */ = {isa = PBXFileReference; fileEncoding = 4; lastKnownFileType = sourcecode.c.objc; path = "UIView+nl_Kit.m"; sourceTree = "<group>"; };
/* End PBXFileReference section */

/* Begin PBXFrameworksBuildPhase section */
		D8454BB01DB7145600BEE9D1 /* Frameworks */ = {
			isa = PBXFrameworksBuildPhase;
			buildActionMask = 2147483647;
			files = (
			);
			runOnlyForDeploymentPostprocessing = 0;
		};
		D8454BC91DB7145700BEE9D1 /* Frameworks */ = {
			isa = PBXFrameworksBuildPhase;
			buildActionMask = 2147483647;
			files = (
			);
			runOnlyForDeploymentPostprocessing = 0;
		};
		D8454BD41DB7145700BEE9D1 /* Frameworks */ = {
			isa = PBXFrameworksBuildPhase;
			buildActionMask = 2147483647;
			files = (
			);
			runOnlyForDeploymentPostprocessing = 0;
		};
/* End PBXFrameworksBuildPhase section */

/* Begin PBXGroup section */
		D8454BAA1DB7145600BEE9D1 = {
			isa = PBXGroup;
			children = (
				D8454BE91DB714B100BEE9D1 /* Source */,
				D8454BB51DB7145600BEE9D1 /* NLCategoryDemo */,
				D8454BCF1DB7145700BEE9D1 /* NLCategoryDemoTests */,
				D8454BDA1DB7145700BEE9D1 /* NLCategoryDemoUITests */,
				D8454BB41DB7145600BEE9D1 /* Products */,
			);
			sourceTree = "<group>";
		};
		D8454BB41DB7145600BEE9D1 /* Products */ = {
			isa = PBXGroup;
			children = (
				D8454BB31DB7145600BEE9D1 /* NLCategoryDemo.app */,
				D8454BCC1DB7145700BEE9D1 /* NLCategoryDemoTests.xctest */,
				D8454BD71DB7145700BEE9D1 /* NLCategoryDemoUITests.xctest */,
			);
			name = Products;
			sourceTree = "<group>";
		};
		D8454BB51DB7145600BEE9D1 /* NLCategoryDemo */ = {
			isa = PBXGroup;
			children = (
				D8454BB91DB7145600BEE9D1 /* AppDelegate.h */,
				D8454BBA1DB7145600BEE9D1 /* AppDelegate.m */,
				D8454BBC1DB7145600BEE9D1 /* ViewController.h */,
				D8454BBD1DB7145600BEE9D1 /* ViewController.m */,
				D8454BBF1DB7145600BEE9D1 /* Main.storyboard */,
				D8454BC21DB7145700BEE9D1 /* Assets.xcassets */,
				D8454BC41DB7145700BEE9D1 /* LaunchScreen.storyboard */,
				D8454BC71DB7145700BEE9D1 /* Info.plist */,
				D8454BB61DB7145600BEE9D1 /* Supporting Files */,
			);
			path = NLCategoryDemo;
			sourceTree = "<group>";
		};
		D8454BB61DB7145600BEE9D1 /* Supporting Files */ = {
			isa = PBXGroup;
			children = (
				D8454BB71DB7145600BEE9D1 /* main.m */,
			);
			name = "Supporting Files";
			sourceTree = "<group>";
		};
		D8454BCF1DB7145700BEE9D1 /* NLCategoryDemoTests */ = {
			isa = PBXGroup;
			children = (
				D8454BD01DB7145700BEE9D1 /* NLCategoryDemoTests.m */,
				D8454BD21DB7145700BEE9D1 /* Info.plist */,
			);
			path = NLCategoryDemoTests;
			sourceTree = "<group>";
		};
		D8454BDA1DB7145700BEE9D1 /* NLCategoryDemoUITests */ = {
			isa = PBXGroup;
			children = (
				D8454BDB1DB7145700BEE9D1 /* NLCategoryDemoUITests.m */,
				D8454BDD1DB7145700BEE9D1 /* Info.plist */,
			);
			path = NLCategoryDemoUITests;
			sourceTree = "<group>";
		};
		D8454BE91DB714B100BEE9D1 /* Source */ = {
			isa = PBXGroup;
			children = (
				D8454BEA1DB714B100BEE9D1 /* Foundation */,
				D8454C131DB714B100BEE9D1 /* NLKit.h */,
				D8454C141DB714B100BEE9D1 /* NLKit.m */,
				D8454C151DB714B100BEE9D1 /* UIKit */,
			);
			name = Source;
			path = ../Source;
			sourceTree = "<group>";
		};
		D8454BEA1DB714B100BEE9D1 /* Foundation */ = {
			isa = PBXGroup;
			children = (
				D8454BEB1DB714B100BEE9D1 /* NSArray */,
				D8454BF21DB714B100BEE9D1 /* NSData */,
				D8454BF51DB714B100BEE9D1 /* NSDate */,
				D8454BF81DB714B100BEE9D1 /* NSDictionary */,
				D8454BFF1DB714B100BEE9D1 /* NSMutableAttributedString */,
				D8454C021DB714B100BEE9D1 /* NSObject */,
				D8454C0B1DB714B100BEE9D1 /* NSString */,
				D8454C0E1DB714B100BEE9D1 /* NSURLRequest */,
			);
			path = Foundation;
			sourceTree = "<group>";
		};
		D8454BEB1DB714B100BEE9D1 /* NSArray */ = {
			isa = PBXGroup;
			children = (
				D8454BEC1DB714B100BEE9D1 /* NSArray+nl_Functional.h */,
				D8454BED1DB714B100BEE9D1 /* NSArray+nl_Functional.m */,
				D8454BEE1DB714B100BEE9D1 /* NSArray+nl_Kit.h */,
				D8454BEF1DB714B100BEE9D1 /* NSArray+nl_Kit.m */,
				D8454BF01DB714B100BEE9D1 /* NSMutableArray+nl_Kit.h */,
				D8454BF11DB714B100BEE9D1 /* NSMutableArray+nl_Kit.m */,
			);
			path = NSArray;
			sourceTree = "<group>";
		};
		D8454BF21DB714B100BEE9D1 /* NSData */ = {
			isa = PBXGroup;
			children = (
				D8454BF31DB714B100BEE9D1 /* NSData+nl_Kit.h */,
				D8454BF41DB714B100BEE9D1 /* NSData+nl_Kit.m */,
			);
			path = NSData;
			sourceTree = "<group>";
		};
		D8454BF51DB714B100BEE9D1 /* NSDate */ = {
			isa = PBXGroup;
			children = (
				D8454BF61DB714B100BEE9D1 /* NSDate+nl_Kit.h */,
				D8454BF71DB714B100BEE9D1 /* NSDate+nl_Kit.m */,
			);
			path = NSDate;
			sourceTree = "<group>";
		};
		D8454BF81DB714B100BEE9D1 /* NSDictionary */ = {
			isa = PBXGroup;
			children = (
				D8454BF91DB714B100BEE9D1 /* NSDictionary+nl_Kit.h */,
				D8454BFA1DB714B100BEE9D1 /* NSDictionary+nl_Kit.m */,
				D8454BFB1DB714B100BEE9D1 /* NSDictionary+nl_Short.h */,
				D8454BFC1DB714B100BEE9D1 /* NSDictionary+nl_Short.m */,
				D8454BFD1DB714B100BEE9D1 /* NSMutableDictionary+nl_Short.h */,
				D8454BFE1DB714B100BEE9D1 /* NSMutableDictionary+nl_Short.m */,
			);
			path = NSDictionary;
			sourceTree = "<group>";
		};
		D8454BFF1DB714B100BEE9D1 /* NSMutableAttributedString */ = {
			isa = PBXGroup;
			children = (
				D8454C001DB714B100BEE9D1 /* NSMutableAttributedString+nl_Image.h */,
				D8454C011DB714B100BEE9D1 /* NSMutableAttributedString+nl_Image.m */,
			);
			path = NSMutableAttributedString;
			sourceTree = "<group>";
		};
		D8454C021DB714B100BEE9D1 /* NSObject */ = {
			isa = PBXGroup;
			children = (
				D8454C031DB714B100BEE9D1 /* NSObject+CodingSupport.h */,
				D8454C041DB714B100BEE9D1 /* NSObject+CodingSupport.m */,
				D8454C051DB714B100BEE9D1 /* NSObject+nl_associatedObject.h */,
				D8454C061DB714B100BEE9D1 /* NSObject+nl_associatedObject.m */,
				D8454C071DB714B100BEE9D1 /* NSObject+nl_Kit.h */,
				D8454C081DB714B100BEE9D1 /* NSObject+nl_Kit.m */,
				D8454C091DB714B100BEE9D1 /* NSObject+Reflex.h */,
				D8454C0A1DB714B100BEE9D1 /* NSObject+Reflex.m */,
			);
			path = NSObject;
			sourceTree = "<group>";
		};
		D8454C0B1DB714B100BEE9D1 /* NSString */ = {
			isa = PBXGroup;
			children = (
				D8454C0C1DB714B100BEE9D1 /* NSString+nl_Kit.h */,
				D8454C0D1DB714B100BEE9D1 /* NSString+nl_Kit.m */,
			);
			path = NSString;
			sourceTree = "<group>";
		};
		D8454C0E1DB714B100BEE9D1 /* NSURLRequest */ = {
			isa = PBXGroup;
			children = (
				D8454C0F1DB714B100BEE9D1 /* NSURLRequest+nl_Kit.h */,
				D8454C101DB714B100BEE9D1 /* NSURLRequest+nl_Kit.m */,
				D8454C111DB714B100BEE9D1 /* NSURLRequest+nl_TypeCheck.h */,
				D8454C121DB714B100BEE9D1 /* NSURLRequest+nl_TypeCheck.m */,
			);
			path = NSURLRequest;
			sourceTree = "<group>";
		};
		D8454C151DB714B100BEE9D1 /* UIKit */ = {
			isa = PBXGroup;
			children = (
				D8454C161DB714B100BEE9D1 /* Support */,
				D8454C1E1DB714B100BEE9D1 /* UIButton */,
				D8454C251DB714B100BEE9D1 /* UIColor */,
				D8454C2A1DB714B100BEE9D1 /* UIImage */,
				D8454C311DB714B100BEE9D1 /* UILabel */,
				D8454C361DB714B100BEE9D1 /* UINavigationBar */,
				D8454C391DB714B100BEE9D1 /* UIScrollView */,
				D8454C3C1DB714B100BEE9D1 /* UITableView */,
				D8454C3F1DB714B100BEE9D1 /* UITextField */,
				D8454C441DB714B100BEE9D1 /* UITextView */,
				D8454C4B1DB714B100BEE9D1 /* UIView */,
			);
			path = UIKit;
			sourceTree = "<group>";
		};
		D8454C161DB714B100BEE9D1 /* Support */ = {
			isa = PBXGroup;
			children = (
				D8454C171DB714B100BEE9D1 /* CGRect+Additions */,
				D8454C191DB714B100BEE9D1 /* NIInputSource.bundle */,
				D8454C1A1DB714B100BEE9D1 /* NLFoundationMethods.h */,
				D8454C1B1DB714B100BEE9D1 /* NLFoundationMethods.m */,
				D8454C1C1DB714B100BEE9D1 /* NLInputAccessoryView.h */,
				D8454C1D1DB714B100BEE9D1 /* NLInputAccessoryView.m */,
			);
			path = Support;
			sourceTree = "<group>";
		};
		D8454C171DB714B100BEE9D1 /* CGRect+Additions */ = {
			isa = PBXGroup;
			children = (
				D8454C181DB714B100BEE9D1 /* CGRect+Additions.h */,
			);
			path = "CGRect+Additions";
			sourceTree = "<group>";
		};
		D8454C1E1DB714B100BEE9D1 /* UIButton */ = {
			isa = PBXGroup;
			children = (
				D8454C1F1DB714B100BEE9D1 /* UIButton+Color.h */,
				D8454C201DB714B100BEE9D1 /* UIButton+Color.m */,
				D8454C211DB714B100BEE9D1 /* UIButton+nl_Block.h */,
				D8454C221DB714B100BEE9D1 /* UIButton+nl_Block.m */,
				D8454C231DB714B100BEE9D1 /* UIButton+nl_kit.h */,
				D8454C241DB714B100BEE9D1 /* UIButton+nl_kit.m */,
			);
			path = UIButton;
			sourceTree = "<group>";
		};
		D8454C251DB714B100BEE9D1 /* UIColor */ = {
			isa = PBXGroup;
			children = (
				D8454C261DB714B100BEE9D1 /* UIColor+nl_Hex.h */,
				D8454C271DB714B100BEE9D1 /* UIColor+nl_Hex.m */,
				D8454C281DB714B100BEE9D1 /* UIColor+nl_Kit.h */,
				D8454C291DB714B100BEE9D1 /* UIColor+nl_Kit.m */,
			);
			path = UIColor;
			sourceTree = "<group>";
		};
		D8454C2A1DB714B100BEE9D1 /* UIImage */ = {
			isa = PBXGroup;
			children = (
				D8454C2B1DB714B100BEE9D1 /* UIImage+Color.h */,
				D8454C2C1DB714B100BEE9D1 /* UIImage+Color.m */,
				D8454C2D1DB714B100BEE9D1 /* UIImage+nl_assetLaunchImage.h */,
				D8454C2E1DB714B100BEE9D1 /* UIImage+nl_assetLaunchImage.m */,
				D8454C2F1DB714B100BEE9D1 /* UIImage+nl_Kit.h */,
				D8454C301DB714B100BEE9D1 /* UIImage+nl_Kit.m */,
			);
			path = UIImage;
			sourceTree = "<group>";
		};
		D8454C311DB714B100BEE9D1 /* UILabel */ = {
			isa = PBXGroup;
			children = (
				D8454C321DB714B100BEE9D1 /* UILabel+nl_Copy.h */,
				D8454C331DB714B100BEE9D1 /* UILabel+nl_Copy.m */,
				D8454C341DB714B100BEE9D1 /* UILabel+nl_Kit.h */,
				D8454C351DB714B100BEE9D1 /* UILabel+nl_Kit.m */,
			);
			path = UILabel;
			sourceTree = "<group>";
		};
		D8454C361DB714B100BEE9D1 /* UINavigationBar */ = {
			isa = PBXGroup;
			children = (
				D8454C371DB714B100BEE9D1 /* UINavigationBar+nl_Kit.h */,
				D8454C381DB714B100BEE9D1 /* UINavigationBar+nl_Kit.m */,
			);
			path = UINavigationBar;
			sourceTree = "<group>";
		};
		D8454C391DB714B100BEE9D1 /* UIScrollView */ = {
			isa = PBXGroup;
			children = (
				D8454C3A1DB714B100BEE9D1 /* UIScrollView+nl_Kit.h */,
				D8454C3B1DB714B100BEE9D1 /* UIScrollView+nl_Kit.m */,
			);
			path = UIScrollView;
			sourceTree = "<group>";
		};
		D8454C3C1DB714B100BEE9D1 /* UITableView */ = {
			isa = PBXGroup;
			children = (
				D8454C3D1DB714B100BEE9D1 /* UITableView+HoomicTool.h */,
				D8454C3E1DB714B100BEE9D1 /* UITableView+HoomicTool.m */,
			);
			path = UITableView;
			sourceTree = "<group>";
		};
		D8454C3F1DB714B100BEE9D1 /* UITextField */ = {
			isa = PBXGroup;
			children = (
				D8454C401DB714B100BEE9D1 /* UITextField+nl_Kit.h */,
				D8454C411DB714B100BEE9D1 /* UITextField+nl_Kit.m */,
				D8454C421DB714B100BEE9D1 /* UITextField+NLLimit.h */,
				D8454C431DB714B100BEE9D1 /* UITextField+NLLimit.m */,
			);
			path = UITextField;
			sourceTree = "<group>";
		};
		D8454C441DB714B100BEE9D1 /* UITextView */ = {
			isa = PBXGroup;
			children = (
				D8454C451DB714B100BEE9D1 /* UITextView+nl_Kit.h */,
				D8454C461DB714B100BEE9D1 /* UITextView+nl_Kit.m */,
				D8454C471DB714B100BEE9D1 /* UITextView+nl_Placeholder.h */,
				D8454C481DB714B100BEE9D1 /* UITextView+nl_Placeholder.m */,
				D8454C491DB714B100BEE9D1 /* UITextView+NLLimit.h */,
				D8454C4A1DB714B100BEE9D1 /* UITextView+NLLimit.m */,
			);
			path = UITextView;
			sourceTree = "<group>";
		};
		D8454C4B1DB714B100BEE9D1 /* UIView */ = {
			isa = PBXGroup;
			children = (
				D8454C4C1DB714B100BEE9D1 /* UIView+Action.h */,
				D8454C4D1DB714B100BEE9D1 /* UIView+Action.m */,
				D8454C4E1DB714B100BEE9D1 /* UIView+nl_BlockGesture.h */,
				D8454C4F1DB714B100BEE9D1 /* UIView+nl_BlockGesture.m */,
				D8454C501DB714B100BEE9D1 /* UIView+nl_Kit.h */,
				D8454C511DB714B100BEE9D1 /* UIView+nl_Kit.m */,
			);
			path = UIView;
			sourceTree = "<group>";
		};
/* End PBXGroup section */

/* Begin PBXNativeTarget section */
		D8454BB21DB7145600BEE9D1 /* NLCategoryDemo */ = {
			isa = PBXNativeTarget;
			buildConfigurationList = D8454BE01DB7145700BEE9D1 /* Build configuration list for PBXNativeTarget "NLCategoryDemo" */;
			buildPhases = (
				D8454BAF1DB7145600BEE9D1 /* Sources */,
				D8454BB01DB7145600BEE9D1 /* Frameworks */,
				D8454BB11DB7145600BEE9D1 /* Resources */,
			);
			buildRules = (
			);
			dependencies = (
			);
			name = NLCategoryDemo;
			productName = NLCategoryDemo;
			productReference = D8454BB31DB7145600BEE9D1 /* NLCategoryDemo.app */;
			productType = "com.apple.product-type.application";
		};
		D8454BCB1DB7145700BEE9D1 /* NLCategoryDemoTests */ = {
			isa = PBXNativeTarget;
			buildConfigurationList = D8454BE31DB7145700BEE9D1 /* Build configuration list for PBXNativeTarget "NLCategoryDemoTests" */;
			buildPhases = (
				D8454BC81DB7145700BEE9D1 /* Sources */,
				D8454BC91DB7145700BEE9D1 /* Frameworks */,
				D8454BCA1DB7145700BEE9D1 /* Resources */,
			);
			buildRules = (
			);
			dependencies = (
				D8454BCE1DB7145700BEE9D1 /* PBXTargetDependency */,
			);
			name = NLCategoryDemoTests;
			productName = NLCategoryDemoTests;
			productReference = D8454BCC1DB7145700BEE9D1 /* NLCategoryDemoTests.xctest */;
			productType = "com.apple.product-type.bundle.unit-test";
		};
		D8454BD61DB7145700BEE9D1 /* NLCategoryDemoUITests */ = {
			isa = PBXNativeTarget;
			buildConfigurationList = D8454BE61DB7145700BEE9D1 /* Build configuration list for PBXNativeTarget "NLCategoryDemoUITests" */;
			buildPhases = (
				D8454BD31DB7145700BEE9D1 /* Sources */,
				D8454BD41DB7145700BEE9D1 /* Frameworks */,
				D8454BD51DB7145700BEE9D1 /* Resources */,
			);
			buildRules = (
			);
			dependencies = (
				D8454BD91DB7145700BEE9D1 /* PBXTargetDependency */,
			);
			name = NLCategoryDemoUITests;
			productName = NLCategoryDemoUITests;
			productReference = D8454BD71DB7145700BEE9D1 /* NLCategoryDemoUITests.xctest */;
			productType = "com.apple.product-type.bundle.ui-testing";
		};
/* End PBXNativeTarget section */

/* Begin PBXProject section */
		D8454BAB1DB7145600BEE9D1 /* Project object */ = {
			isa = PBXProject;
			attributes = {
				LastUpgradeCheck = 0800;
				ORGANIZATIONNAME = NL;
				TargetAttributes = {
					D8454BB21DB7145600BEE9D1 = {
						CreatedOnToolsVersion = 8.0;
						ProvisioningStyle = Automatic;
					};
					D8454BCB1DB7145700BEE9D1 = {
						CreatedOnToolsVersion = 8.0;
						ProvisioningStyle = Automatic;
						TestTargetID = D8454BB21DB7145600BEE9D1;
					};
					D8454BD61DB7145700BEE9D1 = {
						CreatedOnToolsVersion = 8.0;
						ProvisioningStyle = Automatic;
						TestTargetID = D8454BB21DB7145600BEE9D1;
					};
				};
			};
			buildConfigurationList = D8454BAE1DB7145600BEE9D1 /* Build configuration list for PBXProject "NLCategoryDemo" */;
			compatibilityVersion = "Xcode 3.2";
			developmentRegion = English;
			hasScannedForEncodings = 0;
			knownRegions = (
				en,
				Base,
			);
			mainGroup = D8454BAA1DB7145600BEE9D1;
			productRefGroup = D8454BB41DB7145600BEE9D1 /* Products */;
			projectDirPath = "";
			projectRoot = "";
			targets = (
				D8454BB21DB7145600BEE9D1 /* NLCategoryDemo */,
				D8454BCB1DB7145700BEE9D1 /* NLCategoryDemoTests */,
				D8454BD61DB7145700BEE9D1 /* NLCategoryDemoUITests */,
			);
		};
/* End PBXProject section */

/* Begin PBXResourcesBuildPhase section */
		D8454BB11DB7145600BEE9D1 /* Resources */ = {
			isa = PBXResourcesBuildPhase;
			buildActionMask = 2147483647;
			files = (
				D8454C631DB714B100BEE9D1 /* NIInputSource.bundle in Resources */,
				D8454BC61DB7145700BEE9D1 /* LaunchScreen.storyboard in Resources */,
				D8454BC31DB7145700BEE9D1 /* Assets.xcassets in Resources */,
				D8454BC11DB7145600BEE9D1 /* Main.storyboard in Resources */,
			);
			runOnlyForDeploymentPostprocessing = 0;
		};
		D8454BCA1DB7145700BEE9D1 /* Resources */ = {
			isa = PBXResourcesBuildPhase;
			buildActionMask = 2147483647;
			files = (
			);
			runOnlyForDeploymentPostprocessing = 0;
		};
		D8454BD51DB7145700BEE9D1 /* Resources */ = {
			isa = PBXResourcesBuildPhase;
			buildActionMask = 2147483647;
			files = (
			);
			runOnlyForDeploymentPostprocessing = 0;
		};
/* End PBXResourcesBuildPhase section */

/* Begin PBXSourcesBuildPhase section */
		D8454BAF1DB7145600BEE9D1 /* Sources */ = {
			isa = PBXSourcesBuildPhase;
			buildActionMask = 2147483647;
			files = (
				D8454C791DB714B100BEE9D1 /* UIView+nl_BlockGesture.m in Sources */,
				D8454C5B1DB714B100BEE9D1 /* NSObject+CodingSupport.m in Sources */,
				D8454C7A1DB714B100BEE9D1 /* UIView+nl_Kit.m in Sources */,
				D8454C681DB714B100BEE9D1 /* UIButton+nl_kit.m in Sources */,
				D8454C6E1DB714B100BEE9D1 /* UILabel+nl_Copy.m in Sources */,
				D8454C5A1DB714B100BEE9D1 /* NSMutableAttributedString+nl_Image.m in Sources */,
				D8454C761DB714B100BEE9D1 /* UITextView+nl_Placeholder.m in Sources */,
				D8454C751DB714B100BEE9D1 /* UITextView+nl_Kit.m in Sources */,
				D8454C5C1DB714B100BEE9D1 /* NSObject+nl_associatedObject.m in Sources */,
				D8454BBE1DB7145600BEE9D1 /* ViewController.m in Sources */,
				D8454C641DB714B100BEE9D1 /* NLFoundationMethods.m in Sources */,
				D8454C551DB714B100BEE9D1 /* NSData+nl_Kit.m in Sources */,
				D8454C601DB714B100BEE9D1 /* NSURLRequest+nl_Kit.m in Sources */,
				D8454C5E1DB714B100BEE9D1 /* NSObject+Reflex.m in Sources */,
				D8454C6B1DB714B100BEE9D1 /* UIImage+Color.m in Sources */,
				D8454C5F1DB714B100BEE9D1 /* NSString+nl_Kit.m in Sources */,
				D8454C611DB714B100BEE9D1 /* NSURLRequest+nl_TypeCheck.m in Sources */,
				D8454C691DB714B100BEE9D1 /* UIColor+nl_Hex.m in Sources */,
				D8454C731DB714B100BEE9D1 /* UITextField+nl_Kit.m in Sources */,
				D8454C5D1DB714B100BEE9D1 /* NSObject+nl_Kit.m in Sources */,
				D8454C741DB714B100BEE9D1 /* UITextField+NLLimit.m in Sources */,
				D8454C521DB714B100BEE9D1 /* NSArray+nl_Functional.m in Sources */,
				D8454C651DB714B100BEE9D1 /* NLInputAccessoryView.m in Sources */,
				D8454C541DB714B100BEE9D1 /* NSMutableArray+nl_Kit.m in Sources */,
				D8454BBB1DB7145600BEE9D1 /* AppDelegate.m in Sources */,
				D8454C6D1DB714B100BEE9D1 /* UIImage+nl_Kit.m in Sources */,
				D8454C711DB714B100BEE9D1 /* UIScrollView+nl_Kit.m in Sources */,
				D8454C771DB714B100BEE9D1 /* UITextView+NLLimit.m in Sources */,
				D8454C671DB714B100BEE9D1 /* UIButton+nl_Block.m in Sources */,
				D8454C6F1DB714B100BEE9D1 /* UILabel+nl_Kit.m in Sources */,
				D8454C591DB714B100BEE9D1 /* NSMutableDictionary+nl_Short.m in Sources */,
				D8454C581DB714B100BEE9D1 /* NSDictionary+nl_Short.m in Sources */,
				D8454C571DB714B100BEE9D1 /* NSDictionary+nl_Kit.m in Sources */,
				D8454C621DB714B100BEE9D1 /* NLKit.m in Sources */,
				D8454C561DB714B100BEE9D1 /* NSDate+nl_Kit.m in Sources */,
				D8454C721DB714B100BEE9D1 /* UITableView+HoomicTool.m in Sources */,
				D8454C6A1DB714B100BEE9D1 /* UIColor+nl_Kit.m in Sources */,
				D8454BB81DB7145600BEE9D1 /* main.m in Sources */,
				D8454C661DB714B100BEE9D1 /* UIButton+Color.m in Sources */,
				D8454C701DB714B100BEE9D1 /* UINavigationBar+nl_Kit.m in Sources */,
				D8454C781DB714B100BEE9D1 /* UIView+Action.m in Sources */,
				D8454C6C1DB714B100BEE9D1 /* UIImage+nl_assetLaunchImage.m in Sources */,
				D8454C531DB714B100BEE9D1 /* NSArray+nl_Kit.m in Sources */,
			);
			runOnlyForDeploymentPostprocessing = 0;
		};
		D8454BC81DB7145700BEE9D1 /* Sources */ = {
			isa = PBXSourcesBuildPhase;
			buildActionMask = 2147483647;
			files = (
				D8454BD11DB7145700BEE9D1 /* NLCategoryDemoTests.m in Sources */,
			);
			runOnlyForDeploymentPostprocessing = 0;
		};
		D8454BD31DB7145700BEE9D1 /* Sources */ = {
			isa = PBXSourcesBuildPhase;
			buildActionMask = 2147483647;
			files = (
				D8454BDC1DB7145700BEE9D1 /* NLCategoryDemoUITests.m in Sources */,
			);
			runOnlyForDeploymentPostprocessing = 0;
		};
/* End PBXSourcesBuildPhase section */

/* Begin PBXTargetDependency section */
		D8454BCE1DB7145700BEE9D1 /* PBXTargetDependency */ = {
			isa = PBXTargetDependency;
			target = D8454BB21DB7145600BEE9D1 /* NLCategoryDemo */;
			targetProxy = D8454BCD1DB7145700BEE9D1 /* PBXContainerItemProxy */;
		};
		D8454BD91DB7145700BEE9D1 /* PBXTargetDependency */ = {
			isa = PBXTargetDependency;
			target = D8454BB21DB7145600BEE9D1 /* NLCategoryDemo */;
			targetProxy = D8454BD81DB7145700BEE9D1 /* PBXContainerItemProxy */;
		};
/* End PBXTargetDependency section */

/* Begin PBXVariantGroup section */
		D8454BBF1DB7145600BEE9D1 /* Main.storyboard */ = {
			isa = PBXVariantGroup;
			children = (
				D8454BC01DB7145600BEE9D1 /* Base */,
			);
			name = Main.storyboard;
			sourceTree = "<group>";
		};
		D8454BC41DB7145700BEE9D1 /* LaunchScreen.storyboard */ = {
			isa = PBXVariantGroup;
			children = (
				D8454BC51DB7145700BEE9D1 /* Base */,
			);
			name = LaunchScreen.storyboard;
			sourceTree = "<group>";
		};
/* End PBXVariantGroup section */

/* Begin XCBuildConfiguration section */
		D8454BDE1DB7145700BEE9D1 /* Debug */ = {
			isa = XCBuildConfiguration;
			buildSettings = {
				ALWAYS_SEARCH_USER_PATHS = NO;
				CLANG_ANALYZER_NONNULL = YES;
				CLANG_CXX_LANGUAGE_STANDARD = "gnu++0x";
				CLANG_CXX_LIBRARY = "libc++";
				CLANG_ENABLE_MODULES = YES;
				CLANG_ENABLE_OBJC_ARC = YES;
				CLANG_WARN_BOOL_CONVERSION = YES;
				CLANG_WARN_CONSTANT_CONVERSION = YES;
				CLANG_WARN_DIRECT_OBJC_ISA_USAGE = YES_ERROR;
				CLANG_WARN_DOCUMENTATION_COMMENTS = YES;
				CLANG_WARN_EMPTY_BODY = YES;
				CLANG_WARN_ENUM_CONVERSION = YES;
				CLANG_WARN_INFINITE_RECURSION = YES;
				CLANG_WARN_INT_CONVERSION = YES;
				CLANG_WARN_OBJC_ROOT_CLASS = YES_ERROR;
				CLANG_WARN_SUSPICIOUS_MOVES = YES;
				CLANG_WARN_UNREACHABLE_CODE = YES;
				CLANG_WARN__DUPLICATE_METHOD_MATCH = YES;
				"CODE_SIGN_IDENTITY[sdk=iphoneos*]" = "iPhone Developer";
				COPY_PHASE_STRIP = NO;
				DEBUG_INFORMATION_FORMAT = dwarf;
				ENABLE_STRICT_OBJC_MSGSEND = YES;
				ENABLE_TESTABILITY = YES;
				GCC_C_LANGUAGE_STANDARD = gnu99;
				GCC_DYNAMIC_NO_PIC = NO;
				GCC_NO_COMMON_BLOCKS = YES;
				GCC_OPTIMIZATION_LEVEL = 0;
				GCC_PREPROCESSOR_DEFINITIONS = (
					"DEBUG=1",
					"$(inherited)",
				);
				GCC_WARN_64_TO_32_BIT_CONVERSION = YES;
				GCC_WARN_ABOUT_RETURN_TYPE = YES_ERROR;
				GCC_WARN_UNDECLARED_SELECTOR = YES;
				GCC_WARN_UNINITIALIZED_AUTOS = YES_AGGRESSIVE;
				GCC_WARN_UNUSED_FUNCTION = YES;
				GCC_WARN_UNUSED_VARIABLE = YES;
				IPHONEOS_DEPLOYMENT_TARGET = 10.0;
				MTL_ENABLE_DEBUG_INFO = YES;
				ONLY_ACTIVE_ARCH = YES;
				SDKROOT = iphoneos;
			};
			name = Debug;
		};
		D8454BDF1DB7145700BEE9D1 /* Release */ = {
			isa = XCBuildConfiguration;
			buildSettings = {
				ALWAYS_SEARCH_USER_PATHS = NO;
				CLANG_ANALYZER_NONNULL = YES;
				CLANG_CXX_LANGUAGE_STANDARD = "gnu++0x";
				CLANG_CXX_LIBRARY = "libc++";
				CLANG_ENABLE_MODULES = YES;
				CLANG_ENABLE_OBJC_ARC = YES;
				CLANG_WARN_BOOL_CONVERSION = YES;
				CLANG_WARN_CONSTANT_CONVERSION = YES;
				CLANG_WARN_DIRECT_OBJC_ISA_USAGE = YES_ERROR;
				CLANG_WARN_DOCUMENTATION_COMMENTS = YES;
				CLANG_WARN_EMPTY_BODY = YES;
				CLANG_WARN_ENUM_CONVERSION = YES;
				CLANG_WARN_INFINITE_RECURSION = YES;
				CLANG_WARN_INT_CONVERSION = YES;
				CLANG_WARN_OBJC_ROOT_CLASS = YES_ERROR;
				CLANG_WARN_SUSPICIOUS_MOVES = YES;
				CLANG_WARN_UNREACHABLE_CODE = YES;
				CLANG_WARN__DUPLICATE_METHOD_MATCH = YES;
				"CODE_SIGN_IDENTITY[sdk=iphoneos*]" = "iPhone Developer";
				COPY_PHASE_STRIP = NO;
				DEBUG_INFORMATION_FORMAT = "dwarf-with-dsym";
				ENABLE_NS_ASSERTIONS = NO;
				ENABLE_STRICT_OBJC_MSGSEND = YES;
				GCC_C_LANGUAGE_STANDARD = gnu99;
				GCC_NO_COMMON_BLOCKS = YES;
				GCC_WARN_64_TO_32_BIT_CONVERSION = YES;
				GCC_WARN_ABOUT_RETURN_TYPE = YES_ERROR;
				GCC_WARN_UNDECLARED_SELECTOR = YES;
				GCC_WARN_UNINITIALIZED_AUTOS = YES_AGGRESSIVE;
				GCC_WARN_UNUSED_FUNCTION = YES;
				GCC_WARN_UNUSED_VARIABLE = YES;
				IPHONEOS_DEPLOYMENT_TARGET = 10.0;
				MTL_ENABLE_DEBUG_INFO = NO;
				SDKROOT = iphoneos;
				VALIDATE_PRODUCT = YES;
			};
			name = Release;
		};
		D8454BE11DB7145700BEE9D1 /* Debug */ = {
			isa = XCBuildConfiguration;
			buildSettings = {
				ASSETCATALOG_COMPILER_APPICON_NAME = AppIcon;
				INFOPLIST_FILE = NLCategoryDemo/Info.plist;
				IPHONEOS_DEPLOYMENT_TARGET = 8.0;
				LD_RUNPATH_SEARCH_PATHS = "$(inherited) @executable_path/Frameworks";
				PRODUCT_BUNDLE_IDENTIFIER = NL.NLCategoryDemo;
				PRODUCT_NAME = "$(TARGET_NAME)";
			};
			name = Debug;
		};
		D8454BE21DB7145700BEE9D1 /* Release */ = {
			isa = XCBuildConfiguration;
			buildSettings = {
				ASSETCATALOG_COMPILER_APPICON_NAME = AppIcon;
				INFOPLIST_FILE = NLCategoryDemo/Info.plist;
				IPHONEOS_DEPLOYMENT_TARGET = 8.0;
				LD_RUNPATH_SEARCH_PATHS = "$(inherited) @executable_path/Frameworks";
				PRODUCT_BUNDLE_IDENTIFIER = NL.NLCategoryDemo;
				PRODUCT_NAME = "$(TARGET_NAME)";
			};
			name = Release;
		};
		D8454BE41DB7145700BEE9D1 /* Debug */ = {
			isa = XCBuildConfiguration;
			buildSettings = {
				BUNDLE_LOADER = "$(TEST_HOST)";
				INFOPLIST_FILE = NLCategoryDemoTests/Info.plist;
				LD_RUNPATH_SEARCH_PATHS = "$(inherited) @executable_path/Frameworks @loader_path/Frameworks";
				PRODUCT_BUNDLE_IDENTIFIER = NL.NLCategoryDemoTests;
				PRODUCT_NAME = "$(TARGET_NAME)";
				TEST_HOST = "$(BUILT_PRODUCTS_DIR)/NLCategoryDemo.app/NLCategoryDemo";
			};
			name = Debug;
		};
		D8454BE51DB7145700BEE9D1 /* Release */ = {
			isa = XCBuildConfiguration;
			buildSettings = {
				BUNDLE_LOADER = "$(TEST_HOST)";
				INFOPLIST_FILE = NLCategoryDemoTests/Info.plist;
				LD_RUNPATH_SEARCH_PATHS = "$(inherited) @executable_path/Frameworks @loader_path/Frameworks";
				PRODUCT_BUNDLE_IDENTIFIER = NL.NLCategoryDemoTests;
				PRODUCT_NAME = "$(TARGET_NAME)";
				TEST_HOST = "$(BUILT_PRODUCTS_DIR)/NLCategoryDemo.app/NLCategoryDemo";
			};
			name = Release;
		};
		D8454BE71DB7145700BEE9D1 /* Debug */ = {
			isa = XCBuildConfiguration;
			buildSettings = {
				INFOPLIST_FILE = NLCategoryDemoUITests/Info.plist;
				LD_RUNPATH_SEARCH_PATHS = "$(inherited) @executable_path/Frameworks @loader_path/Frameworks";
				PRODUCT_BUNDLE_IDENTIFIER = NL.NLCategoryDemoUITests;
				PRODUCT_NAME = "$(TARGET_NAME)";
				TEST_TARGET_NAME = NLCategoryDemo;
			};
			name = Debug;
		};
		D8454BE81DB7145700BEE9D1 /* Release */ = {
			isa = XCBuildConfiguration;
			buildSettings = {
				INFOPLIST_FILE = NLCategoryDemoUITests/Info.plist;
				LD_RUNPATH_SEARCH_PATHS = "$(inherited) @executable_path/Frameworks @loader_path/Frameworks";
				PRODUCT_BUNDLE_IDENTIFIER = NL.NLCategoryDemoUITests;
				PRODUCT_NAME = "$(TARGET_NAME)";
				TEST_TARGET_NAME = NLCategoryDemo;
			};
			name = Release;
		};
/* End XCBuildConfiguration section */

/* Begin XCConfigurationList section */
		D8454BAE1DB7145600BEE9D1 /* Build configuration list for PBXProject "NLCategoryDemo" */ = {
			isa = XCConfigurationList;
			buildConfigurations = (
				D8454BDE1DB7145700BEE9D1 /* Debug */,
				D8454BDF1DB7145700BEE9D1 /* Release */,
			);
			defaultConfigurationIsVisible = 0;
			defaultConfigurationName = Release;
		};
		D8454BE01DB7145700BEE9D1 /* Build configuration list for PBXNativeTarget "NLCategoryDemo" */ = {
			isa = XCConfigurationList;
			buildConfigurations = (
				D8454BE11DB7145700BEE9D1 /* Debug */,
				D8454BE21DB7145700BEE9D1 /* Release */,
			);
			defaultConfigurationIsVisible = 0;
		};
		D8454BE31DB7145700BEE9D1 /* Build configuration list for PBXNativeTarget "NLCategoryDemoTests" */ = {
			isa = XCConfigurationList;
			buildConfigurations = (
				D8454BE41DB7145700BEE9D1 /* Debug */,
				D8454BE51DB7145700BEE9D1 /* Release */,
			);
			defaultConfigurationIsVisible = 0;
		};
		D8454BE61DB7145700BEE9D1 /* Build configuration list for PBXNativeTarget "NLCategoryDemoUITests" */ = {
			isa = XCConfigurationList;
			buildConfigurations = (
				D8454BE71DB7145700BEE9D1 /* Debug */,
				D8454BE81DB7145700BEE9D1 /* Release */,
			);
			defaultConfigurationIsVisible = 0;
		};
/* End XCConfigurationList section */
	};
	rootObject = D8454BAB1DB7145600BEE9D1 /* Project object */;
}
